
Microsoft Visual Studio Solution File, Format Version 12.00
# Visual Studio Version 17
VisualStudioVersion = 17.14.36109.1 d17.14
MinimumVisualStudioVersion = 10.0.40219.1
Project("{FAE04EC0-301F-11D3-BF4B-00C04F79EFBC}") = "PragueMeetupMaySolution", "PragueMeetupMaySolution\PragueMeetupMaySolution.csproj", "{565F1220-FC6A-4307-89A4-9D87F1101A4F}"
EndProject
Global
	GlobalSection(SolutionConfigurationPlatforms) = preSolution
		Debug|Any CPU = Debug|Any CPU
		Release|Any CPU = Release|Any CPU
	EndGlobalSection
	GlobalSection(ProjectConfigurationPlatforms) = postSolution
		{565F1220-FC6A-4307-89A4-9D87F1101A4F}.Debug|Any CPU.ActiveCfg = Debug|Any CPU
		{565F1220-FC6A-4307-89A4-9D87F1101A4F}.Debug|Any CPU.Build.0 = Debug|Any CPU
		{565F1220-FC6A-4307-89A4-9D87F1101A4F}.Release|Any CPU.ActiveCfg = Release|Any CPU
		{565F1220-FC6A-4307-89A4-9D87F1101A4F}.Release|Any CPU.Build.0 = Release|Any CPU
	EndGlobalSection
	GlobalSection(SolutionProperties) = preSolution
		HideSolutionNode = FALSE
	EndGlobalSection
	GlobalSection(ExtensibilityGlobals) = postSolution
		SolutionGuid = {1BC9CF5A-A323-44AC-B20B-44AA535E191E}
	EndGlobalSection
EndGlobal
